
Microsoft Visual Studio Solution File, Format Version 12.00
# Visual Studio Version 16
VisualStudioVersion = 16.0.28922.388
MinimumVisualStudioVersion = 10.0.40219.1
Project("{FAE04EC0-301F-11D3-BF4B-00C04F79EFBC}") = "MeetupToRTM", "WpfApp3\MeetupToRTM.csproj", "{CEAA8992-0BD1-495E-997F-5829A001E561}"
EndProject
Project("{FAE04EC0-301F-11D3-BF4B-00C04F79EFBC}") = "Tests", "UnitTesting\Tests.csproj", "{C2A5CC31-B75B-4B60-86C0-7990D5ED0240}"
	ProjectSection(ProjectDependencies) = postProject
		{CEAA8992-0BD1-495E-997F-5829A001E561} = {CEAA8992-0BD1-495E-997F-5829A001E561}
	EndProjectSection
EndProject
Global
	GlobalSection(SolutionConfigurationPlatforms) = preSolution
		Debug|Any CPU = Debug|Any CPU
		Debug|x86 = Debug|x86
		Release|Any CPU = Release|Any CPU
		Release|x86 = Release|x86
	EndGlobalSection
	GlobalSection(ProjectConfigurationPlatforms) = postSolution
		{CEAA8992-0BD1-495E-997F-5829A001E561}.Debug|Any CPU.ActiveCfg = Debug|x86
		{CEAA8992-0BD1-495E-997F-5829A001E561}.Debug|Any CPU.Build.0 = Debug|x86
		{CEAA8992-0BD1-495E-997F-5829A001E561}.Debug|x86.ActiveCfg = Debug|x86
		{CEAA8992-0BD1-495E-997F-5829A001E561}.Debug|x86.Build.0 = Debug|x86
		{CEAA8992-0BD1-495E-997F-5829A001E561}.Release|Any CPU.ActiveCfg = Release|x86
		{CEAA8992-0BD1-495E-997F-5829A001E561}.Release|Any CPU.Build.0 = Release|x86
		{CEAA8992-0BD1-495E-997F-5829A001E561}.Release|x86.ActiveCfg = Release|x86
		{CEAA8992-0BD1-495E-997F-5829A001E561}.Release|x86.Build.0 = Release|x86
		{C2A5CC31-B75B-4B60-86C0-7990D5ED0240}.Debug|Any CPU.ActiveCfg = Debug|Any CPU
		{C2A5CC31-B75B-4B60-86C0-7990D5ED0240}.Debug|Any CPU.Build.0 = Debug|Any CPU
		{C2A5CC31-B75B-4B60-86C0-7990D5ED0240}.Debug|x86.ActiveCfg = Debug|Any CPU
		{C2A5CC31-B75B-4B60-86C0-7990D5ED0240}.Debug|x86.Build.0 = Debug|Any CPU
		{C2A5CC31-B75B-4B60-86C0-7990D5ED0240}.Release|Any CPU.ActiveCfg = Release|Any CPU
		{C2A5CC31-B75B-4B60-86C0-7990D5ED0240}.Release|Any CPU.Build.0 = Release|Any CPU
		{C2A5CC31-B75B-4B60-86C0-7990D5ED0240}.Release|x86.ActiveCfg = Release|Any CPU
		{C2A5CC31-B75B-4B60-86C0-7990D5ED0240}.Release|x86.Build.0 = Release|Any CPU
	EndGlobalSection
	GlobalSection(SolutionProperties) = preSolution
		HideSolutionNode = FALSE
	EndGlobalSection
	GlobalSection(ExtensibilityGlobals) = postSolution
		SolutionGuid = {B1088050-CDED-4C2F-88E2-011DE362C255}
	EndGlobalSection
EndGlobal
